// !$*UTF8*$!
{
	archiveVersion = 1;
	classes = {
	};
	objectVersion = 56;
	objects = {

/* Begin PBXBuildFile section */
		CEDEA3AF2B2E6DB200FDAD7F /* BarcodeScannerApp.swift in Sources */ = {isa = PBXBuildFile; fileRef = CEDEA3AE2B2E6DB200FDAD7F /* BarcodeScannerApp.swift */; };
		CEDEA3B12B2E6DB200FDAD7F /* BSView.swift in Sources */ = {isa = PBXBuildFile; fileRef = CEDEA3B02B2E6DB200FDAD7F /* BSView.swift */; };
		CEDEA3B32B2E6DB300FDAD7F /* Assets.xcassets in Resources */ = {isa = PBXBuildFile; fileRef = CEDEA3B22B2E6DB300FDAD7F /* Assets.xcassets */; };
		CEDEA3B62B2E6DB300FDAD7F /* Preview Assets.xcassets in Resources */ = {isa = PBXBuildFile; fileRef = CEDEA3B52B2E6DB300FDAD7F /* Preview Assets.xcassets */; };
		CEDEA3BE2B2E716600FDAD7F /* ScannerVC.swift in Sources */ = {isa = PBXBuildFile; fileRef = CEDEA3BD2B2E716600FDAD7F /* ScannerVC.swift */; };
		CEDEA3C02B2E7B7400FDAD7F /* ScannerView.swift in Sources */ = {isa = PBXBuildFile; fileRef = CEDEA3BF2B2E7B7400FDAD7F /* ScannerView.swift */; };
		CEDEA3C22B2E8EB100FDAD7F /* Alert.swift in Sources */ = {isa = PBXBuildFile; fileRef = CEDEA3C12B2E8EB100FDAD7F /* Alert.swift */; };
		CEDEA3C42B2E8F1700FDAD7F /* BSViewModel.swift in Sources */ = {isa = PBXBuildFile; fileRef = CEDEA3C32B2E8F1700FDAD7F /* BSViewModel.swift */; };
/* End PBXBuildFile section */

/* Begin PBXFileReference section */
		CEDEA3AB2B2E6DB200FDAD7F /* BarcodeScanner.app */ = {isa = PBXFileReference; explicitFileType = wrapper.application; includeInIndex = 0; path = BarcodeScanner.app; sourceTree = BUILT_PRODUCTS_DIR; };
		CEDEA3AE2B2E6DB200FDAD7F /* BarcodeScannerApp.swift */ = {isa = PBXFileReference; lastKnownFileType = sourcecode.swift; path = BarcodeScannerApp.swift; sourceTree = "<group>"; };
		CEDEA3B02B2E6DB200FDAD7F /* BSView.swift */ = {isa = PBXFileReference; lastKnownFileType = sourcecode.swift; path = BSView.swift; sourceTree = "<group>"; };
		CEDEA3B22B2E6DB300FDAD7F /* Assets.xcassets */ = {isa = PBXFileReference; lastKnownFileType = folder.assetcatalog; path = Assets.xcassets; sourceTree = "<group>"; };
		CEDEA3B52B2E6DB300FDAD7F /* Preview Assets.xcassets */ = {isa = PBXFileReference; lastKnownFileType = folder.assetcatalog; path = "Preview Assets.xcassets"; sourceTree = "<group>"; };
		CEDEA3BC2B2E70AC00FDAD7F /* Info.plist */ = {isa = PBXFileReference; lastKnownFileType = text.plist; path = Info.plist; sourceTree = "<group>"; };
		CEDEA3BD2B2E716600FDAD7F /* ScannerVC.swift */ = {isa = PBXFileReference; lastKnownFileType = sourcecode.swift; path = ScannerVC.swift; sourceTree = "<group>"; };
		CEDEA3BF2B2E7B7400FDAD7F /* ScannerView.swift */ = {isa = PBXFileReference; lastKnownFileType = sourcecode.swift; path = ScannerView.swift; sourceTree = "<group>"; };
		CEDEA3C12B2E8EB100FDAD7F /* Alert.swift */ = {isa = PBXFileReference; lastKnownFileType = sourcecode.swift; path = Alert.swift; sourceTree = "<group>"; };
		CEDEA3C32B2E8F1700FDAD7F /* BSViewModel.swift */ = {isa = PBXFileReference; lastKnownFileType = sourcecode.swift; path = BSViewModel.swift; sourceTree = "<group>"; };
/* End PBXFileReference section */

/* Begin PBXFrameworksBuildPhase section */
		CEDEA3A82B2E6DB200FDAD7F /* Frameworks */ = {
			isa = PBXFrameworksBuildPhase;
			buildActionMask = 2147483647;
			files = (
			);
			runOnlyForDeploymentPostprocessing = 0;
		};
/* End PBXFrameworksBuildPhase section */

/* Begin PBXGroup section */
		CEDEA3A22B2E6DB200FDAD7F = {
			isa = PBXGroup;
			children = (
				CEDEA3AD2B2E6DB200FDAD7F /* BarcodeScanner */,
				CEDEA3AC2B2E6DB200FDAD7F /* Products */,
			);
			sourceTree = "<group>";
		};
		CEDEA3AC2B2E6DB200FDAD7F /* Products */ = {
			isa = PBXGroup;
			children = (
				CEDEA3AB2B2E6DB200FDAD7F /* BarcodeScanner.app */,
			);
			name = Products;
			sourceTree = "<group>";
		};
		CEDEA3AD2B2E6DB200FDAD7F /* BarcodeScanner */ = {
			isa = PBXGroup;
			children = (
				CEDEA3CA2B2E926B00FDAD7F /* Utilities */,
				CEDEA3C82B2E923A00FDAD7F /* Views */,
				CEDEA3C52B2E91E600FDAD7F /* Screens */,
				CEDEA3BC2B2E70AC00FDAD7F /* Info.plist */,
				CEDEA3AE2B2E6DB200FDAD7F /* BarcodeScannerApp.swift */,
				CEDEA3B22B2E6DB300FDAD7F /* Assets.xcassets */,
				CEDEA3B42B2E6DB300FDAD7F /* Preview Content */,
			);
			path = BarcodeScanner;
			sourceTree = "<group>";
		};
		CEDEA3B42B2E6DB300FDAD7F /* Preview Content */ = {
			isa = PBXGroup;
			children = (
				CEDEA3B52B2E6DB300FDAD7F /* Preview Assets.xcassets */,
			);
			path = "Preview Content";
			sourceTree = "<group>";
		};
		CEDEA3C52B2E91E600FDAD7F /* Screens */ = {
			isa = PBXGroup;
			children = (
				CEDEA3C72B2E921B00FDAD7F /* BarcodeScanner */,
			);
			path = Screens;
			sourceTree = "<group>";
		};
		CEDEA3C72B2E921B00FDAD7F /* BarcodeScanner */ = {
			isa = PBXGroup;
			children = (
				CEDEA3B02B2E6DB200FDAD7F /* BSView.swift */,
				CEDEA3C32B2E8F1700FDAD7F /* BSViewModel.swift */,
			);
			path = BarcodeScanner;
			sourceTree = "<group>";
		};
		CEDEA3C82B2E923A00FDAD7F /* Views */ = {
			isa = PBXGroup;
			children = (
				CEDEA3C92B2E924400FDAD7F /* UIKitComponents */,
			);
			path = Views;
			sourceTree = "<group>";
		};
		CEDEA3C92B2E924400FDAD7F /* UIKitComponents */ = {
			isa = PBXGroup;
			children = (
				CEDEA3BF2B2E7B7400FDAD7F /* ScannerView.swift */,
				CEDEA3BD2B2E716600FDAD7F /* ScannerVC.swift */,
			);
			path = UIKitComponents;
			sourceTree = "<group>";
		};
		CEDEA3CA2B2E926B00FDAD7F /* Utilities */ = {
			isa = PBXGroup;
			children = (
				CEDEA3C12B2E8EB100FDAD7F /* Alert.swift */,
			);
			path = Utilities;
			sourceTree = "<group>";
		};
/* End PBXGroup section */

/* Begin PBXNativeTarget section */
		CEDEA3AA2B2E6DB200FDAD7F /* BarcodeScanner */ = {
			isa = PBXNativeTarget;
			buildConfigurationList = CEDEA3B92B2E6DB300FDAD7F /* Build configuration list for PBXNativeTarget "BarcodeScanner" */;
			buildPhases = (
				CEDEA3A72B2E6DB200FDAD7F /* Sources */,
				CEDEA3A82B2E6DB200FDAD7F /* Frameworks */,
				CEDEA3A92B2E6DB200FDAD7F /* Resources */,
			);
			buildRules = (
			);
			dependencies = (
			);
			name = BarcodeScanner;
			productName = BarcodeScanner;
			productReference = CEDEA3AB2B2E6DB200FDAD7F /* BarcodeScanner.app */;
			productType = "com.apple.product-type.application";
		};
/* End PBXNativeTarget section */

/* Begin PBXProject section */
		CEDEA3A32B2E6DB200FDAD7F /* Project object */ = {
			isa = PBXProject;
			attributes = {
				BuildIndependentTargetsInParallel = 1;
				LastSwiftUpdateCheck = 1510;
				LastUpgradeCheck = 1510;
				TargetAttributes = {
					CEDEA3AA2B2E6DB200FDAD7F = {
						CreatedOnToolsVersion = 15.1;
					};
				};
			};
			buildConfigurationList = CEDEA3A62B2E6DB200FDAD7F /* Build configuration list for PBXProject "BarcodeScanner" */;
			compatibilityVersion = "Xcode 14.0";
			developmentRegion = en;
			hasScannedForEncodings = 0;
			knownRegions = (
				en,
				Base,
			);
			mainGroup = CEDEA3A22B2E6DB200FDAD7F;
			productRefGroup = CEDEA3AC2B2E6DB200FDAD7F /* Products */;
			projectDirPath = "";
			projectRoot = "";
			targets = (
				CEDEA3AA2B2E6DB200FDAD7F /* BarcodeScanner */,
			);
		};
/* End PBXProject section */

/* Begin PBXResourcesBuildPhase section */
		CEDEA3A92B2E6DB200FDAD7F /* Resources */ = {
			isa = PBXResourcesBuildPhase;
			buildActionMask = 2147483647;
			files = (
				CEDEA3B62B2E6DB300FDAD7F /* Preview Assets.xcassets in Resources */,
				CEDEA3B32B2E6DB300FDAD7F /* Assets.xcassets in Resources */,
			);
			runOnlyForDeploymentPostprocessing = 0;
		};
/* End PBXResourcesBuildPhase section */

/* Begin PBXSourcesBuildPhase section */
		CEDEA3A72B2E6DB200FDAD7F /* Sources */ = {
			isa = PBXSourcesBuildPhase;
			buildActionMask = 2147483647;
			files = (
				CEDEA3BE2B2E716600FDAD7F /* ScannerVC.swift in Sources */,
				CEDEA3C02B2E7B7400FDAD7F /* ScannerView.swift in Sources */,
				CEDEA3B12B2E6DB200FDAD7F /* BSView.swift in Sources */,
				CEDEA3C42B2E8F1700FDAD7F /* BSViewModel.swift in Sources */,
				CEDEA3C22B2E8EB100FDAD7F /* Alert.swift in Sources */,
				CEDEA3AF2B2E6DB200FDAD7F /* BarcodeScannerApp.swift in Sources */,
			);
			runOnlyForDeploymentPostprocessing = 0;
		};
/* End PBXSourcesBuildPhase section */

/* Begin XCBuildConfiguration section */
		CEDEA3B72B2E6DB300FDAD7F /* Debug */ = {
			isa = XCBuildConfiguration;
			buildSettings = {
				ALWAYS_SEARCH_USER_PATHS = NO;
				ASSETCATALOG_COMPILER_GENERATE_SWIFT_ASSET_SYMBOL_EXTENSIONS = YES;
				CLANG_ANALYZER_NONNULL = YES;
				CLANG_ANALYZER_NUMBER_OBJECT_CONVERSION = YES_AGGRESSIVE;
				CLANG_CXX_LANGUAGE_STANDARD = "gnu++20";
				CLANG_ENABLE_MODULES = YES;
				CLANG_ENABLE_OBJC_ARC = YES;
				CLANG_ENABLE_OBJC_WEAK = YES;
				CLANG_WARN_BLOCK_CAPTURE_AUTORELEASING = YES;
				CLANG_WARN_BOOL_CONVERSION = YES;
				CLANG_WARN_COMMA = YES;
				CLANG_WARN_CONSTANT_CONVERSION = YES;
				CLANG_WARN_DEPRECATED_OBJC_IMPLEMENTATIONS = YES;
				CLANG_WARN_DIRECT_OBJC_ISA_USAGE = YES_ERROR;
				CLANG_WARN_DOCUMENTATION_COMMENTS = YES;
				CLANG_WARN_EMPTY_BODY = YES;
				CLANG_WARN_ENUM_CONVERSION = YES;
				CLANG_WARN_INFINITE_RECURSION = YES;
				CLANG_WARN_INT_CONVERSION = YES;
				CLANG_WARN_NON_LITERAL_NULL_CONVERSION = YES;
				CLANG_WARN_OBJC_IMPLICIT_RETAIN_SELF = YES;
				CLANG_WARN_OBJC_LITERAL_CONVERSION = YES;
				CLANG_WARN_OBJC_ROOT_CLASS = YES_ERROR;
				CLANG_WARN_QUOTED_INCLUDE_IN_FRAMEWORK_HEADER = YES;
				CLANG_WARN_RANGE_LOOP_ANALYSIS = YES;
				CLANG_WARN_STRICT_PROTOTYPES = YES;
				CLANG_WARN_SUSPICIOUS_MOVE = YES;
				CLANG_WARN_UNGUARDED_AVAILABILITY = YES_AGGRESSIVE;
				CLANG_WARN_UNREACHABLE_CODE = YES;
				CLANG_WARN__DUPLICATE_METHOD_MATCH = YES;
				COPY_PHASE_STRIP = NO;
				DEBUG_INFORMATION_FORMAT = dwarf;
				ENABLE_STRICT_OBJC_MSGSEND = YES;
				ENABLE_TESTABILITY = YES;
				ENABLE_USER_SCRIPT_SANDBOXING = YES;
				GCC_C_LANGUAGE_STANDARD = gnu17;
				GCC_DYNAMIC_NO_PIC = NO;
				GCC_NO_COMMON_BLOCKS = YES;
				GCC_OPTIMIZATION_LEVEL = 0;
				GCC_PREPROCESSOR_DEFINITIONS = (
					"DEBUG=1",
					"$(inherited)",
				);
				GCC_WARN_64_TO_32_BIT_CONVERSION = YES;
				GCC_WARN_ABOUT_RETURN_TYPE = YES_ERROR;
				GCC_WARN_UNDECLARED_SELECTOR = YES;
				GCC_WARN_UNINITIALIZED_AUTOS = YES_AGGRESSIVE;
				GCC_WARN_UNUSED_FUNCTION = YES;
				GCC_WARN_UNUSED_VARIABLE = YES;
				IPHONEOS_DEPLOYMENT_TARGET = 17.2;
				LOCALIZATION_PREFERS_STRING_CATALOGS = YES;
				MTL_ENABLE_DEBUG_INFO = INCLUDE_SOURCE;
				MTL_FAST_MATH = YES;
				ONLY_ACTIVE_ARCH = YES;
				SDKROOT = iphoneos;
				SWIFT_ACTIVE_COMPILATION_CONDITIONS = "DEBUG $(inherited)";
				SWIFT_OPTIMIZATION_LEVEL = "-Onone";
			};
			name = Debug;
		};
		CEDEA3B82B2E6DB300FDAD7F /* Release */ = {
			isa = XCBuildConfiguration;
			buildSettings = {
				ALWAYS_SEARCH_USER_PATHS = NO;
				ASSETCATALOG_COMPILER_GENERATE_SWIFT_ASSET_SYMBOL_EXTENSIONS = YES;
				CLANG_ANALYZER_NONNULL = YES;
				CLANG_ANALYZER_NUMBER_OBJECT_CONVERSION = YES_AGGRESSIVE;
				CLANG_CXX_LANGUAGE_STANDARD = "gnu++20";
				CLANG_ENABLE_MODULES = YES;
				CLANG_ENABLE_OBJC_ARC = YES;
				CLANG_ENABLE_OBJC_WEAK = YES;
				CLANG_WARN_BLOCK_CAPTURE_AUTORELEASING = YES;
				CLANG_WARN_BOOL_CONVERSION = YES;
				CLANG_WARN_COMMA = YES;
				CLANG_WARN_CONSTANT_CONVERSION = YES;
				CLANG_WARN_DEPRECATED_OBJC_IMPLEMENTATIONS = YES;
				CLANG_WARN_DIRECT_OBJC_ISA_USAGE = YES_ERROR;
				CLANG_WARN_DOCUMENTATION_COMMENTS = YES;
				CLANG_WARN_EMPTY_BODY = YES;
				CLANG_WARN_ENUM_CONVERSION = YES;
				CLANG_WARN_INFINITE_RECURSION = YES;
				CLANG_WARN_INT_CONVERSION = YES;
				CLANG_WARN_NON_LITERAL_NULL_CONVERSION = YES;
				CLANG_WARN_OBJC_IMPLICIT_RETAIN_SELF = YES;
				CLANG_WARN_OBJC_LITERAL_CONVERSION = YES;
				CLANG_WARN_OBJC_ROOT_CLASS = YES_ERROR;
				CLANG_WARN_QUOTED_INCLUDE_IN_FRAMEWORK_HEADER = YES;
				CLANG_WARN_RANGE_LOOP_ANALYSIS = YES;
				CLANG_WARN_STRICT_PROTOTYPES = YES;
				CLANG_WARN_SUSPICIOUS_MOVE = YES;
				CLANG_WARN_UNGUARDED_AVAILABILITY = YES_AGGRESSIVE;
				CLANG_WARN_UNREACHABLE_CODE = YES;
				CLANG_WARN__DUPLICATE_METHOD_MATCH = YES;
				COPY_PHASE_STRIP = NO;
				DEBUG_INFORMATION_FORMAT = "dwarf-with-dsym";
				ENABLE_NS_ASSERTIONS = NO;
				ENABLE_STRICT_OBJC_MSGSEND = YES;
				ENABLE_USER_SCRIPT_SANDBOXING = YES;
				GCC_C_LANGUAGE_STANDARD = gnu17;
				GCC_NO_COMMON_BLOCKS = YES;
				GCC_WARN_64_TO_32_BIT_CONVERSION = YES;
				GCC_WARN_ABOUT_RETURN_TYPE = YES_ERROR;
				GCC_WARN_UNDECLARED_SELECTOR = YES;
				GCC_WARN_UNINITIALIZED_AUTOS = YES_AGGRESSIVE;
				GCC_WARN_UNUSED_FUNCTION = YES;
				GCC_WARN_UNUSED_VARIABLE = YES;
				IPHONEOS_DEPLOYMENT_TARGET = 17.2;
				LOCALIZATION_PREFERS_STRING_CATALOGS = YES;
				MTL_ENABLE_DEBUG_INFO = NO;
				MTL_FAST_MATH = YES;
				SDKROOT = iphoneos;
				SWIFT_COMPILATION_MODE = wholemodule;
				VALIDATE_PRODUCT = YES;
			};
			name = Release;
		};
		CEDEA3BA2B2E6DB300FDAD7F /* Debug */ = {
			isa = XCBuildConfiguration;
			buildSettings = {
				ASSETCATALOG_COMPILER_APPICON_NAME = AppIcon;
				ASSETCATALOG_COMPILER_GLOBAL_ACCENT_COLOR_NAME = AccentColor;
				CODE_SIGN_STYLE = Automatic;
				CURRENT_PROJECT_VERSION = 1;
				DEVELOPMENT_ASSET_PATHS = "\"BarcodeScanner/Preview Content\"";
				DEVELOPMENT_TEAM = LBAQD48WFX;
				ENABLE_PREVIEWS = YES;
				GENERATE_INFOPLIST_FILE = YES;
				INFOPLIST_FILE = BarcodeScanner/Info.plist;
				INFOPLIST_KEY_NSCameraUsageDescription = "";
				INFOPLIST_KEY_UIApplicationSceneManifest_Generation = YES;
				INFOPLIST_KEY_UIApplicationSupportsIndirectInputEvents = YES;
				INFOPLIST_KEY_UILaunchScreen_Generation = YES;
				INFOPLIST_KEY_UISupportedInterfaceOrientations_iPad = "UIInterfaceOrientationPortrait UIInterfaceOrientationPortraitUpsideDown UIInterfaceOrientationLandscapeLeft UIInterfaceOrientationLandscapeRight";
				INFOPLIST_KEY_UISupportedInterfaceOrientations_iPhone = "UIInterfaceOrientationPortrait UIInterfaceOrientationLandscapeLeft UIInterfaceOrientationLandscapeRight";
				LD_RUNPATH_SEARCH_PATHS = (
					"$(inherited)",
					"@executable_path/Frameworks",
				);
				MARKETING_VERSION = 1.0;
				PRODUCT_BUNDLE_IDENTIFIER = com.myu.FirstARApp;
				PRODUCT_NAME = "$(TARGET_NAME)";
				SWIFT_EMIT_LOC_STRINGS = YES;
				SWIFT_VERSION = 5.0;
				TARGETED_DEVICE_FAMILY = "1,2";
			};
			name = Debug;
		};
		CEDEA3BB2B2E6DB300FDAD7F /* Release */ = {
			isa = XCBuildConfiguration;
			buildSettings = {
				ASSETCATALOG_COMPILER_APPICON_NAME = AppIcon;
				ASSETCATALOG_COMPILER_GLOBAL_ACCENT_COLOR_NAME = AccentColor;
				CODE_SIGN_STYLE = Automatic;
				CURRENT_PROJECT_VERSION = 1;
				DEVELOPMENT_ASSET_PATHS = "\"BarcodeScanner/Preview Content\"";
				DEVELOPMENT_TEAM = LBAQD48WFX;
				ENABLE_PREVIEWS = YES;
				GENERATE_INFOPLIST_FILE = YES;
				INFOPLIST_FILE = BarcodeScanner/Info.plist;
				INFOPLIST_KEY_NSCameraUsageDescription = "";
				INFOPLIST_KEY_UIApplicationSceneManifest_Generation = YES;
				INFOPLIST_KEY_UIApplicationSupportsIndirectInputEvents = YES;
				INFOPLIST_KEY_UILaunchScreen_Generation = YES;
				INFOPLIST_KEY_UISupportedInterfaceOrientations_iPad = "UIInterfaceOrientationPortrait UIInterfaceOrientationPortraitUpsideDown UIInterfaceOrientationLandscapeLeft UIInterfaceOrientationLandscapeRight";
				INFOPLIST_KEY_UISupportedInterfaceOrientations_iPhone = "UIInterfaceOrientationPortrait UIInterfaceOrientationLandscapeLeft UIInterfaceOrientationLandscapeRight";
				LD_RUNPATH_SEARCH_PATHS = (
					"$(inherited)",
					"@executable_path/Frameworks",
				);
				MARKETING_VERSION = 1.0;
				PRODUCT_BUNDLE_IDENTIFIER = com.myu.FirstARApp;
				PRODUCT_NAME = "$(TARGET_NAME)";
				SWIFT_EMIT_LOC_STRINGS = YES;
				SWIFT_VERSION = 5.0;
				TARGETED_DEVICE_FAMILY = "1,2";
			};
			name = Release;
		};
/* End XCBuildConfiguration section */

/* Begin XCConfigurationList section */
		CEDEA3A62B2E6DB200FDAD7F /* Build configuration list for PBXProject "BarcodeScanner" */ = {
			isa = XCConfigurationList;
			buildConfigurations = (
				CEDEA3B72B2E6DB300FDAD7F /* Debug */,
				CEDEA3B82B2E6DB300FDAD7F /* Release */,
			);
			defaultConfigurationIsVisible = 0;
			defaultConfigurationName = Release;
		};
		CEDEA3B92B2E6DB300FDAD7F /* Build configuration list for PBXNativeTarget "BarcodeScanner" */ = {
			isa = XCConfigurationList;
			buildConfigurations = (
				CEDEA3BA2B2E6DB300FDAD7F /* Debug */,
				CEDEA3BB2B2E6DB300FDAD7F /* Release */,
			);
			defaultConfigurationIsVisible = 0;
			defaultConfigurationName = Release;
		};
/* End XCConfigurationList section */
	};
	rootObject = CEDEA3A32B2E6DB200FDAD7F /* Project object */;
}
